
Microsoft Visual Studio Solution File, Format Version 12.00
# Visual Studio Version 17
VisualStudioVersion = 17.8.34322.80
MinimumVisualStudioVersion = 10.0.40219.1
Project("{9A19103F-16F7-4668-BE54-9A1E7A4F7556}") = "Azil.Authorization", "Azil.Authorization\Azil.Authorization.csproj", "{7370834E-35B0-4EC8-B3CD-AA363A5EA21C}"
EndProject
Project("{9A19103F-16F7-4668-BE54-9A1E7A4F7556}") = "Azil.Animals", "Azil.Animals\Azil.Animals.csproj", "{367C08F9-9E53-411D-A4B1-993A473CF80B}"
EndProject
Project("{9A19103F-16F7-4668-BE54-9A1E7A4F7556}") = "Azil.Gateway", "Azil.Gateway\Azil.Gateway.csproj", "{207F5AFE-CE88-4F64-91C9-9DB0C9BF1846}"
EndProject
Project("{2150E333-8FDC-42A3-9474-1A3956D46DE8}") = "K8S", "K8S", "{DE510D60-5672-43A7-8965-F85750F84040}"
	ProjectSection(SolutionItems) = preProject
		deployment-animals.yaml = deployment-animals.yaml
		deployment-auth.yaml = deployment-auth.yaml
		deployment-rabbitmq.yaml = deployment-rabbitmq.yaml
		rabbitmq-srv.yaml = rabbitmq-srv.yaml
	EndProjectSection
EndProject
Project("{2150E333-8FDC-42A3-9474-1A3956D46DE8}") = "PostgreSQL", "PostgreSQL", "{30163F58-1F21-4517-B2E7-95588B801EA0}"
	ProjectSection(SolutionItems) = preProject
		postgres-config.yaml = postgres-config.yaml
		postgres-deployment.yaml = postgres-deployment.yaml
		postgres-pvc-pv.yaml = postgres-pvc-pv.yaml
		postgres-service.yaml = postgres-service.yaml
	EndProjectSection
EndProject
Project("{2150E333-8FDC-42A3-9474-1A3956D46DE8}") = "Compose", "Compose", "{D04F70A3-35B9-40F7-9F45-C558550D0830}"
	ProjectSection(SolutionItems) = preProject
		docker-compose.yaml = docker-compose.yaml
	EndProjectSection
EndProject
Project("{2150E333-8FDC-42A3-9474-1A3956D46DE8}") = "test", "test", "{13AD5F20-4E03-40A7-B22D-35F438471074}"
	ProjectSection(SolutionItems) = preProject
		azilanimals-np-srv.yaml = azilanimals-np-srv.yaml
		azilauth-np-srv.yaml = azilauth-np-srv.yaml
	EndProjectSection
EndProject
Global
	GlobalSection(SolutionConfigurationPlatforms) = preSolution
		Debug|Any CPU = Debug|Any CPU
		Release|Any CPU = Release|Any CPU
	EndGlobalSection
	GlobalSection(ProjectConfigurationPlatforms) = postSolution
		{7370834E-35B0-4EC8-B3CD-AA363A5EA21C}.Debug|Any CPU.ActiveCfg = Debug|Any CPU
		{7370834E-35B0-4EC8-B3CD-AA363A5EA21C}.Debug|Any CPU.Build.0 = Debug|Any CPU
		{7370834E-35B0-4EC8-B3CD-AA363A5EA21C}.Release|Any CPU.ActiveCfg = Release|Any CPU
		{7370834E-35B0-4EC8-B3CD-AA363A5EA21C}.Release|Any CPU.Build.0 = Release|Any CPU
		{367C08F9-9E53-411D-A4B1-993A473CF80B}.Debug|Any CPU.ActiveCfg = Debug|Any CPU
		{367C08F9-9E53-411D-A4B1-993A473CF80B}.Debug|Any CPU.Build.0 = Debug|Any CPU
		{367C08F9-9E53-411D-A4B1-993A473CF80B}.Release|Any CPU.ActiveCfg = Release|Any CPU
		{367C08F9-9E53-411D-A4B1-993A473CF80B}.Release|Any CPU.Build.0 = Release|Any CPU
		{207F5AFE-CE88-4F64-91C9-9DB0C9BF1846}.Debug|Any CPU.ActiveCfg = Debug|Any CPU
		{207F5AFE-CE88-4F64-91C9-9DB0C9BF1846}.Debug|Any CPU.Build.0 = Debug|Any CPU
		{207F5AFE-CE88-4F64-91C9-9DB0C9BF1846}.Release|Any CPU.ActiveCfg = Release|Any CPU
		{207F5AFE-CE88-4F64-91C9-9DB0C9BF1846}.Release|Any CPU.Build.0 = Release|Any CPU
	EndGlobalSection
	GlobalSection(SolutionProperties) = preSolution
		HideSolutionNode = FALSE
	EndGlobalSection
	GlobalSection(NestedProjects) = preSolution
		{30163F58-1F21-4517-B2E7-95588B801EA0} = {DE510D60-5672-43A7-8965-F85750F84040}
		{13AD5F20-4E03-40A7-B22D-35F438471074} = {DE510D60-5672-43A7-8965-F85750F84040}
	EndGlobalSection
	GlobalSection(ExtensibilityGlobals) = postSolution
		SolutionGuid = {64A76024-3AD6-4BEE-ACAE-E1FC223182A9}
	EndGlobalSection
EndGlobal
